
Microsoft Visual Studio Solution File, Format Version 12.00
# Visual Studio Version 16
VisualStudioVersion = 16.0.30114.105
MinimumVisualStudioVersion = 10.0.40219.1
Project("{888888A0-9F3D-457C-B088-3A5042F75D52}") = "Gifextractor", "Gifextractor\Gifextractor.pyproj", "{FDB5F9C8-7E33-4C46-9C3B-707A11CB1470}"
EndProject
Global
	GlobalSection(SolutionConfigurationPlatforms) = preSolution
		Debug|Any CPU = Debug|Any CPU
		Release|Any CPU = Release|Any CPU
	EndGlobalSection
	GlobalSection(ProjectConfigurationPlatforms) = postSolution
		{FDB5F9C8-7E33-4C46-9C3B-707A11CB1470}.Debug|Any CPU.ActiveCfg = Debug|Any CPU
		{FDB5F9C8-7E33-4C46-9C3B-707A11CB1470}.Release|Any CPU.ActiveCfg = Release|Any CPU
	EndGlobalSection
	GlobalSection(SolutionProperties) = preSolution
		HideSolutionNode = FALSE
	EndGlobalSection
	GlobalSection(ExtensibilityGlobals) = postSolution
		SolutionGuid = {DF2F731F-2230-4326-B2A4-2D96EAF0F432}
	EndGlobalSection
EndGlobal
